{
  "name": "gh-uncommitted",
  "version": "0.1.0",
  "lockfileVersion": 3,
  "requires": true,
  "packages": {
    "": {
      "name": "gh-uncommitted",
      "version": "0.1.0",
      "license": "Unlicense",
      "bin": {
        "gh-uncommitted": "gh-uncommitted"
      },
      "engines": {
        "node": ">=20"
      }
    }
  }
}
